
Microsoft Visual Studio Solution File, Format Version 12.00
# Visual Studio Version 17
VisualStudioVersion = 17.5.33530.505
MinimumVisualStudioVersion = 10.0.40219.1
Project("{9A19103F-16F7-4668-BE54-9A1E7A4F7556}") = "SecurityHelper", "SecurityHelper\SecurityHelper.csproj", "{0E57AAD7-4225-45E3-B249-90CA62F994E3}"
EndProject
Project("{FAE04EC0-301F-11D3-BF4B-00C04F79EFBC}") = "SecurityHelper.Tests", "SecurityHelper.Tests\SecurityHelper.Tests.csproj", "{A8FD6FAF-B541-4F4C-9084-1C5CE0B0559A}"
EndProject
Global
	GlobalSection(SolutionConfigurationPlatforms) = preSolution
		Debug|Any CPU = Debug|Any CPU
		Release|Any CPU = Release|Any CPU
	EndGlobalSection
	GlobalSection(ProjectConfigurationPlatforms) = postSolution
		{0E57AAD7-4225-45E3-B249-90CA62F994E3}.Debug|Any CPU.ActiveCfg = Debug|Any CPU
		{0E57AAD7-4225-45E3-B249-90CA62F994E3}.Debug|Any CPU.Build.0 = Debug|Any CPU
		{0E57AAD7-4225-45E3-B249-90CA62F994E3}.Release|Any CPU.ActiveCfg = Release|Any CPU
		{0E57AAD7-4225-45E3-B249-90CA62F994E3}.Release|Any CPU.Build.0 = Release|Any CPU
		{A8FD6FAF-B541-4F4C-9084-1C5CE0B0559A}.Debug|Any CPU.ActiveCfg = Debug|Any CPU
		{A8FD6FAF-B541-4F4C-9084-1C5CE0B0559A}.Debug|Any CPU.Build.0 = Debug|Any CPU
		{A8FD6FAF-B541-4F4C-9084-1C5CE0B0559A}.Release|Any CPU.ActiveCfg = Release|Any CPU
		{A8FD6FAF-B541-4F4C-9084-1C5CE0B0559A}.Release|Any CPU.Build.0 = Release|Any CPU
	EndGlobalSection
	GlobalSection(SolutionProperties) = preSolution
		HideSolutionNode = FALSE
	EndGlobalSection
	GlobalSection(ExtensibilityGlobals) = postSolution
		SolutionGuid = {2B321BDC-4D02-4CA4-9F94-AD432901E66C}
	EndGlobalSection
EndGlobal
